
Microsoft Visual Studio Solution File, Format Version 12.00
# Visual Studio 15
VisualStudioVersion = 15.0.28307.852
MinimumVisualStudioVersion = 10.0.40219.1
Project("{FAE04EC0-301F-11D3-BF4B-00C04F79EFBC}") = "Sample-1", "Sample-1.csproj", "{60830559-ED8B-4521-AF4D-9BD9C2EBD8D5}"
EndProject
Global
	GlobalSection(SolutionConfigurationPlatforms) = preSolution
		Debug|Any CPU = Debug|Any CPU
		Release|Any CPU = Release|Any CPU
	EndGlobalSection
	GlobalSection(ProjectConfigurationPlatforms) = postSolution
		{60830559-ED8B-4521-AF4D-9BD9C2EBD8D5}.Debug|Any CPU.ActiveCfg = Debug|Any CPU
		{60830559-ED8B-4521-AF4D-9BD9C2EBD8D5}.Debug|Any CPU.Build.0 = Debug|Any CPU
		{60830559-ED8B-4521-AF4D-9BD9C2EBD8D5}.Release|Any CPU.ActiveCfg = Release|Any CPU
		{60830559-ED8B-4521-AF4D-9BD9C2EBD8D5}.Release|Any CPU.Build.0 = Release|Any CPU
	EndGlobalSection
	GlobalSection(SolutionProperties) = preSolution
		HideSolutionNode = FALSE
	EndGlobalSection
	GlobalSection(ExtensibilityGlobals) = postSolution
		SolutionGuid = {7B8CEF8A-D954-4170-B2F2-FD41599CBA7E}
	EndGlobalSection
EndGlobal
